
Microsoft Visual Studio Solution File, Format Version 12.00
# Visual Studio Version 17
VisualStudioVersion = 17.3.32811.315
MinimumVisualStudioVersion = 10.0.40219.1
Project("{9A19103F-16F7-4668-BE54-9A1E7A4F7556}") = "GoCarlos.NET", "GoCarlos.NET\GoCarlos.NET.csproj", "{0DBB1C5C-6918-4152-B5C9-7E25ED322875}"
EndProject
Project("{9A19103F-16F7-4668-BE54-9A1E7A4F7556}") = "GoCarlos.NET.Tests", "GoCarlos.NET.Tests\GoCarlos.NET.Tests.csproj", "{A60929D0-B055-4D97-A8BF-CE1360A2D8D0}"
EndProject
Global
	GlobalSection(SolutionConfigurationPlatforms) = preSolution
		Debug|Any CPU = Debug|Any CPU
		Release|Any CPU = Release|Any CPU
	EndGlobalSection
	GlobalSection(ProjectConfigurationPlatforms) = postSolution
		{0DBB1C5C-6918-4152-B5C9-7E25ED322875}.Debug|Any CPU.ActiveCfg = Debug|Any CPU
		{0DBB1C5C-6918-4152-B5C9-7E25ED322875}.Debug|Any CPU.Build.0 = Debug|Any CPU
		{0DBB1C5C-6918-4152-B5C9-7E25ED322875}.Release|Any CPU.ActiveCfg = Release|Any CPU
		{0DBB1C5C-6918-4152-B5C9-7E25ED322875}.Release|Any CPU.Build.0 = Release|Any CPU
		{A60929D0-B055-4D97-A8BF-CE1360A2D8D0}.Debug|Any CPU.ActiveCfg = Debug|Any CPU
		{A60929D0-B055-4D97-A8BF-CE1360A2D8D0}.Debug|Any CPU.Build.0 = Debug|Any CPU
		{A60929D0-B055-4D97-A8BF-CE1360A2D8D0}.Release|Any CPU.ActiveCfg = Release|Any CPU
		{A60929D0-B055-4D97-A8BF-CE1360A2D8D0}.Release|Any CPU.Build.0 = Release|Any CPU
	EndGlobalSection
	GlobalSection(SolutionProperties) = preSolution
		HideSolutionNode = FALSE
	EndGlobalSection
	GlobalSection(ExtensibilityGlobals) = postSolution
		SolutionGuid = {CEA1D489-C2AB-48BA-B600-A5099AD0F610}
	EndGlobalSection
EndGlobal
