
Microsoft Visual Studio Solution File, Format Version 12.00
# Visual Studio Version 17
VisualStudioVersion = 17.3.32811.315
MinimumVisualStudioVersion = 10.0.40219.1
Project("{9A19103F-16F7-4668-BE54-9A1E7A4F7556}") = "GoCarlos.NET.Tests", "GoCarlos.NET.Tests\GoCarlos.NET.Tests.csproj", "{34CD78F8-CCC3-4FF8-B024-3EEC9D8069C0}"
EndProject
Project("{9A19103F-16F7-4668-BE54-9A1E7A4F7556}") = "GoCarlos.NET.UI", "GoCarlos.NET.UI\GoCarlos.NET.UI.csproj", "{4CD9B817-6C19-4395-A74F-A227E5C07000}"
EndProject
Project("{9A19103F-16F7-4668-BE54-9A1E7A4F7556}") = "GoCarlos.NET.Core", "GoCarlos.NET.Core\GoCarlos.NET.Core.csproj", "{B50CB66E-394A-4805-9E0B-847DD14B6124}"
EndProject
Global
	GlobalSection(SolutionConfigurationPlatforms) = preSolution
		Debug|Any CPU = Debug|Any CPU
		Release|Any CPU = Release|Any CPU
	EndGlobalSection
	GlobalSection(ProjectConfigurationPlatforms) = postSolution
		{34CD78F8-CCC3-4FF8-B024-3EEC9D8069C0}.Debug|Any CPU.ActiveCfg = Debug|Any CPU
		{34CD78F8-CCC3-4FF8-B024-3EEC9D8069C0}.Debug|Any CPU.Build.0 = Debug|Any CPU
		{34CD78F8-CCC3-4FF8-B024-3EEC9D8069C0}.Release|Any CPU.ActiveCfg = Release|Any CPU
		{34CD78F8-CCC3-4FF8-B024-3EEC9D8069C0}.Release|Any CPU.Build.0 = Release|Any CPU
		{4CD9B817-6C19-4395-A74F-A227E5C07000}.Debug|Any CPU.ActiveCfg = Debug|Any CPU
		{4CD9B817-6C19-4395-A74F-A227E5C07000}.Debug|Any CPU.Build.0 = Debug|Any CPU
		{4CD9B817-6C19-4395-A74F-A227E5C07000}.Release|Any CPU.ActiveCfg = Release|Any CPU
		{4CD9B817-6C19-4395-A74F-A227E5C07000}.Release|Any CPU.Build.0 = Release|Any CPU
		{B50CB66E-394A-4805-9E0B-847DD14B6124}.Debug|Any CPU.ActiveCfg = Debug|Any CPU
		{B50CB66E-394A-4805-9E0B-847DD14B6124}.Debug|Any CPU.Build.0 = Debug|Any CPU
		{B50CB66E-394A-4805-9E0B-847DD14B6124}.Release|Any CPU.ActiveCfg = Release|Any CPU
		{B50CB66E-394A-4805-9E0B-847DD14B6124}.Release|Any CPU.Build.0 = Release|Any CPU
	EndGlobalSection
	GlobalSection(SolutionProperties) = preSolution
		HideSolutionNode = FALSE
	EndGlobalSection
	GlobalSection(ExtensibilityGlobals) = postSolution
		SolutionGuid = {CEA1D489-C2AB-48BA-B600-A5099AD0F610}
	EndGlobalSection
EndGlobal
